
Microsoft Visual Studio Solution File, Format Version 12.00
# Visual Studio 15
VisualStudioVersion = 15.0.28307.539
MinimumVisualStudioVersion = 10.0.40219.1
Project("{FAE04EC0-301F-11D3-BF4B-00C04F79EFBC}") = "JogoGalo", "JogoGalo\JogoGalo.csproj", "{48954BEA-5963-413D-87B9-655213FEF3CF}"
EndProject
Global
	GlobalSection(SolutionConfigurationPlatforms) = preSolution
		Debug|Any CPU = Debug|Any CPU
		Release|Any CPU = Release|Any CPU
	EndGlobalSection
	GlobalSection(ProjectConfigurationPlatforms) = postSolution
		{48954BEA-5963-413D-87B9-655213FEF3CF}.Debug|Any CPU.ActiveCfg = Debug|Any CPU
		{48954BEA-5963-413D-87B9-655213FEF3CF}.Debug|Any CPU.Build.0 = Debug|Any CPU
		{48954BEA-5963-413D-87B9-655213FEF3CF}.Release|Any CPU.ActiveCfg = Release|Any CPU
		{48954BEA-5963-413D-87B9-655213FEF3CF}.Release|Any CPU.Build.0 = Release|Any CPU
	EndGlobalSection
	GlobalSection(SolutionProperties) = preSolution
		HideSolutionNode = FALSE
	EndGlobalSection
	GlobalSection(ExtensibilityGlobals) = postSolution
		SolutionGuid = {DB0CD5AF-324A-47E8-A695-903D79D1C32C}
	EndGlobalSection
EndGlobal
